
Microsoft Visual Studio Solution File, Format Version 12.00
# Visual Studio Version 17
VisualStudioVersion = 17.5.33530.505
MinimumVisualStudioVersion = 10.0.40219.1
Project("{FAE04EC0-301F-11D3-BF4B-00C04F79EFBC}") = "Generics1", "Generics1\Generics1.csproj", "{62C8B104-1C89-472D-A647-07D66FA443BF}"
EndProject
Global
	GlobalSection(SolutionConfigurationPlatforms) = preSolution
		Debug|Any CPU = Debug|Any CPU
		Release|Any CPU = Release|Any CPU
	EndGlobalSection
	GlobalSection(ProjectConfigurationPlatforms) = postSolution
		{62C8B104-1C89-472D-A647-07D66FA443BF}.Debug|Any CPU.ActiveCfg = Debug|Any CPU
		{62C8B104-1C89-472D-A647-07D66FA443BF}.Debug|Any CPU.Build.0 = Debug|Any CPU
		{62C8B104-1C89-472D-A647-07D66FA443BF}.Release|Any CPU.ActiveCfg = Release|Any CPU
		{62C8B104-1C89-472D-A647-07D66FA443BF}.Release|Any CPU.Build.0 = Release|Any CPU
	EndGlobalSection
	GlobalSection(SolutionProperties) = preSolution
		HideSolutionNode = FALSE
	EndGlobalSection
	GlobalSection(ExtensibilityGlobals) = postSolution
		SolutionGuid = {CE92AAF0-6E59-44FB-94AE-8FF0DDD7F892}
	EndGlobalSection
EndGlobal
